
Microsoft Visual Studio Solution File, Format Version 12.00
# Visual Studio 15
VisualStudioVersion = 15.0.27703.2042
MinimumVisualStudioVersion = 10.0.40219.1
Project("{FAE04EC0-301F-11D3-BF4B-00C04F79EFBC}") = "KnockKnock.Api.Function", "KnockKnock.Api.Function\KnockKnock.Api.Function.csproj", "{AA52BEEE-D128-4A94-AB22-28FC74B59C4F}"
EndProject
Project("{FAE04EC0-301F-11D3-BF4B-00C04F79EFBC}") = "KnockKnock.Api.Commands", "KnockKnock.Api.Commands\KnockKnock.Api.Commands.csproj", "{C99D4B75-5026-4F90-A7B2-D7FCDC3F0F24}"
EndProject
Project("{FAE04EC0-301F-11D3-BF4B-00C04F79EFBC}") = "KnockKnock.Api.Commands.Tests", "KnockKnock.Api.Commands.Tests\KnockKnock.Api.Commands.Tests.csproj", "{5BD015B4-9C4C-42BC-8165-88217AC7B822}"
EndProject
Global
	GlobalSection(SolutionConfigurationPlatforms) = preSolution
		Debug|Any CPU = Debug|Any CPU
		Release|Any CPU = Release|Any CPU
	EndGlobalSection
	GlobalSection(ProjectConfigurationPlatforms) = postSolution
		{AA52BEEE-D128-4A94-AB22-28FC74B59C4F}.Debug|Any CPU.ActiveCfg = Debug|Any CPU
		{AA52BEEE-D128-4A94-AB22-28FC74B59C4F}.Debug|Any CPU.Build.0 = Debug|Any CPU
		{AA52BEEE-D128-4A94-AB22-28FC74B59C4F}.Release|Any CPU.ActiveCfg = Release|Any CPU
		{AA52BEEE-D128-4A94-AB22-28FC74B59C4F}.Release|Any CPU.Build.0 = Release|Any CPU
		{C99D4B75-5026-4F90-A7B2-D7FCDC3F0F24}.Debug|Any CPU.ActiveCfg = Debug|Any CPU
		{C99D4B75-5026-4F90-A7B2-D7FCDC3F0F24}.Debug|Any CPU.Build.0 = Debug|Any CPU
		{C99D4B75-5026-4F90-A7B2-D7FCDC3F0F24}.Release|Any CPU.ActiveCfg = Release|Any CPU
		{C99D4B75-5026-4F90-A7B2-D7FCDC3F0F24}.Release|Any CPU.Build.0 = Release|Any CPU
		{5BD015B4-9C4C-42BC-8165-88217AC7B822}.Debug|Any CPU.ActiveCfg = Debug|Any CPU
		{5BD015B4-9C4C-42BC-8165-88217AC7B822}.Debug|Any CPU.Build.0 = Debug|Any CPU
		{5BD015B4-9C4C-42BC-8165-88217AC7B822}.Release|Any CPU.ActiveCfg = Release|Any CPU
		{5BD015B4-9C4C-42BC-8165-88217AC7B822}.Release|Any CPU.Build.0 = Release|Any CPU
	EndGlobalSection
	GlobalSection(SolutionProperties) = preSolution
		HideSolutionNode = FALSE
	EndGlobalSection
	GlobalSection(ExtensibilityGlobals) = postSolution
		SolutionGuid = {19AA1B15-CA87-4ADF-9972-E319433391FD}
	EndGlobalSection
EndGlobal
